// !$*UTF8*$!
{
	archiveVersion = 1;
	classes = {
	};
	objectVersion = 56;
	objects = {

/* Begin PBXBuildFile section */
		2C8A669C292A048800C8974E /* AppDelegate.swift in Sources */ = {isa = PBXBuildFile; fileRef = 2C8A669B292A048800C8974E /* AppDelegate.swift */; };
		2C8A669E292A048800C8974E /* SceneDelegate.swift in Sources */ = {isa = PBXBuildFile; fileRef = 2C8A669D292A048800C8974E /* SceneDelegate.swift */; };
		2C8A66A3292A048800C8974E /* Main.storyboard in Resources */ = {isa = PBXBuildFile; fileRef = 2C8A66A1292A048800C8974E /* Main.storyboard */; };
		2C8A66A5292A048800C8974E /* Assets.xcassets in Resources */ = {isa = PBXBuildFile; fileRef = 2C8A66A4292A048800C8974E /* Assets.xcassets */; };
		2C8A66A8292A048800C8974E /* LaunchScreen.storyboard in Resources */ = {isa = PBXBuildFile; fileRef = 2C8A66A6292A048800C8974E /* LaunchScreen.storyboard */; };
		2C8A66B3292A048800C8974E /* UIKitExampleTests.swift in Sources */ = {isa = PBXBuildFile; fileRef = 2C8A66B2292A048800C8974E /* UIKitExampleTests.swift */; };
		2C8A66BD292A048800C8974E /* UIKitExampleUITests.swift in Sources */ = {isa = PBXBuildFile; fileRef = 2C8A66BC292A048800C8974E /* UIKitExampleUITests.swift */; };
		2C8A66BF292A048800C8974E /* UIKitExampleUITestsLaunchTests.swift in Sources */ = {isa = PBXBuildFile; fileRef = 2C8A66BE292A048800C8974E /* UIKitExampleUITestsLaunchTests.swift */; };
		2C8A670E292A08EF00C8974E /* UIKitExampleServices.swift in Sources */ = {isa = PBXBuildFile; fileRef = 2C8A670D292A08EF00C8974E /* UIKitExampleServices.swift */; };
		2C8A6713292A092200C8974E /* libUIKitExampleServices.a in Frameworks */ = {isa = PBXBuildFile; fileRef = 2C8A670B292A08EF00C8974E /* libUIKitExampleServices.a */; };
		2C8A6717292A094B00C8974E /* ServiceA.swift in Sources */ = {isa = PBXBuildFile; fileRef = 2C8A6716292A094B00C8974E /* ServiceA.swift */; };
		2C8A6719292A0A0500C8974E /* ServiceB.swift in Sources */ = {isa = PBXBuildFile; fileRef = 2C8A6718292A0A0500C8974E /* ServiceB.swift */; };
		2C8A671B292A0AF100C8974E /* Services+Shared.swift in Sources */ = {isa = PBXBuildFile; fileRef = 2C8A671A292A0AF100C8974E /* Services+Shared.swift */; };
/* End PBXBuildFile section */

/* Begin PBXContainerItemProxy section */
		2C8A66AF292A048800C8974E /* PBXContainerItemProxy */ = {
			isa = PBXContainerItemProxy;
			containerPortal = 2C8A6690292A048800C8974E /* Project object */;
			proxyType = 1;
			remoteGlobalIDString = 2C8A6697292A048800C8974E;
			remoteInfo = UIKitExample;
		};
		2C8A66B9292A048800C8974E /* PBXContainerItemProxy */ = {
			isa = PBXContainerItemProxy;
			containerPortal = 2C8A6690292A048800C8974E /* Project object */;
			proxyType = 1;
			remoteGlobalIDString = 2C8A6697292A048800C8974E;
			remoteInfo = UIKitExample;
		};
		2C8A6714292A092200C8974E /* PBXContainerItemProxy */ = {
			isa = PBXContainerItemProxy;
			containerPortal = 2C8A6690292A048800C8974E /* Project object */;
			proxyType = 1;
			remoteGlobalIDString = 2C8A670A292A08EF00C8974E;
			remoteInfo = UIKitExampleServices;
		};
/* End PBXContainerItemProxy section */

/* Begin PBXCopyFilesBuildPhase section */
		2C8A6709292A08EF00C8974E /* CopyFiles */ = {
			isa = PBXCopyFilesBuildPhase;
			buildActionMask = 2147483647;
			dstPath = "include/$(PRODUCT_NAME)";
			dstSubfolderSpec = 16;
			files = (
			);
			runOnlyForDeploymentPostprocessing = 0;
		};
/* End PBXCopyFilesBuildPhase section */

/* Begin PBXFileReference section */
		2C8A6698292A048800C8974E /* UIKitExampleApp.app */ = {isa = PBXFileReference; explicitFileType = wrapper.application; includeInIndex = 0; path = UIKitExampleApp.app; sourceTree = BUILT_PRODUCTS_DIR; };
		2C8A669B292A048800C8974E /* AppDelegate.swift */ = {isa = PBXFileReference; lastKnownFileType = sourcecode.swift; path = AppDelegate.swift; sourceTree = "<group>"; };
		2C8A669D292A048800C8974E /* SceneDelegate.swift */ = {isa = PBXFileReference; lastKnownFileType = sourcecode.swift; path = SceneDelegate.swift; sourceTree = "<group>"; };
		2C8A66A2292A048800C8974E /* Base */ = {isa = PBXFileReference; lastKnownFileType = file.storyboard; name = Base; path = Base.lproj/Main.storyboard; sourceTree = "<group>"; };
		2C8A66A4292A048800C8974E /* Assets.xcassets */ = {isa = PBXFileReference; lastKnownFileType = folder.assetcatalog; path = Assets.xcassets; sourceTree = "<group>"; };
		2C8A66A7292A048800C8974E /* Base */ = {isa = PBXFileReference; lastKnownFileType = file.storyboard; name = Base; path = Base.lproj/LaunchScreen.storyboard; sourceTree = "<group>"; };
		2C8A66A9292A048800C8974E /* Info.plist */ = {isa = PBXFileReference; lastKnownFileType = text.plist.xml; path = Info.plist; sourceTree = "<group>"; };
		2C8A66AE292A048800C8974E /* UIKitExampleTests.xctest */ = {isa = PBXFileReference; explicitFileType = wrapper.cfbundle; includeInIndex = 0; path = UIKitExampleTests.xctest; sourceTree = BUILT_PRODUCTS_DIR; };
		2C8A66B2292A048800C8974E /* UIKitExampleTests.swift */ = {isa = PBXFileReference; lastKnownFileType = sourcecode.swift; path = UIKitExampleTests.swift; sourceTree = "<group>"; };
		2C8A66B8292A048800C8974E /* UIKitExampleUITests.xctest */ = {isa = PBXFileReference; explicitFileType = wrapper.cfbundle; includeInIndex = 0; path = UIKitExampleUITests.xctest; sourceTree = BUILT_PRODUCTS_DIR; };
		2C8A66BC292A048800C8974E /* UIKitExampleUITests.swift */ = {isa = PBXFileReference; lastKnownFileType = sourcecode.swift; path = UIKitExampleUITests.swift; sourceTree = "<group>"; };
		2C8A66BE292A048800C8974E /* UIKitExampleUITestsLaunchTests.swift */ = {isa = PBXFileReference; lastKnownFileType = sourcecode.swift; path = UIKitExampleUITestsLaunchTests.swift; sourceTree = "<group>"; };
		2C8A670B292A08EF00C8974E /* libUIKitExampleServices.a */ = {isa = PBXFileReference; explicitFileType = archive.ar; includeInIndex = 0; path = libUIKitExampleServices.a; sourceTree = BUILT_PRODUCTS_DIR; };
		2C8A670D292A08EF00C8974E /* UIKitExampleServices.swift */ = {isa = PBXFileReference; lastKnownFileType = sourcecode.swift; path = UIKitExampleServices.swift; sourceTree = "<group>"; };
		2C8A6716292A094B00C8974E /* ServiceA.swift */ = {isa = PBXFileReference; lastKnownFileType = sourcecode.swift; path = ServiceA.swift; sourceTree = "<group>"; };
		2C8A6718292A0A0500C8974E /* ServiceB.swift */ = {isa = PBXFileReference; lastKnownFileType = sourcecode.swift; path = ServiceB.swift; sourceTree = "<group>"; };
		2C8A671A292A0AF100C8974E /* Services+Shared.swift */ = {isa = PBXFileReference; lastKnownFileType = sourcecode.swift; path = "Services+Shared.swift"; sourceTree = "<group>"; };
/* End PBXFileReference section */

/* Begin PBXFrameworksBuildPhase section */
		2C8A6695292A048800C8974E /* Frameworks */ = {
			isa = PBXFrameworksBuildPhase;
			buildActionMask = 2147483647;
			files = (
				2C8A6713292A092200C8974E /* libUIKitExampleServices.a in Frameworks */,
			);
			runOnlyForDeploymentPostprocessing = 0;
		};
		2C8A66AB292A048800C8974E /* Frameworks */ = {
			isa = PBXFrameworksBuildPhase;
			buildActionMask = 2147483647;
			files = (
			);
			runOnlyForDeploymentPostprocessing = 0;
		};
		2C8A66B5292A048800C8974E /* Frameworks */ = {
			isa = PBXFrameworksBuildPhase;
			buildActionMask = 2147483647;
			files = (
			);
			runOnlyForDeploymentPostprocessing = 0;
		};
		2C8A6708292A08EF00C8974E /* Frameworks */ = {
			isa = PBXFrameworksBuildPhase;
			buildActionMask = 2147483647;
			files = (
			);
			runOnlyForDeploymentPostprocessing = 0;
		};
/* End PBXFrameworksBuildPhase section */

/* Begin PBXGroup section */
		2C8A668F292A048800C8974E = {
			isa = PBXGroup;
			children = (
				2C8A669A292A048800C8974E /* UIKitExampleApp */,
				2C8A670C292A08EF00C8974E /* UIKitExampleServices */,
				2C8A66B1292A048800C8974E /* UIKitExampleTests */,
				2C8A66BB292A048800C8974E /* UIKitExampleUITests */,
				2C8A6699292A048800C8974E /* Products */,
				2C8A6712292A092200C8974E /* Frameworks */,
			);
			sourceTree = "<group>";
		};
		2C8A6699292A048800C8974E /* Products */ = {
			isa = PBXGroup;
			children = (
				2C8A6698292A048800C8974E /* UIKitExampleApp.app */,
				2C8A66AE292A048800C8974E /* UIKitExampleTests.xctest */,
				2C8A66B8292A048800C8974E /* UIKitExampleUITests.xctest */,
				2C8A670B292A08EF00C8974E /* libUIKitExampleServices.a */,
			);
			name = Products;
			sourceTree = "<group>";
		};
		2C8A669A292A048800C8974E /* UIKitExampleApp */ = {
			isa = PBXGroup;
			children = (
				2C8A669B292A048800C8974E /* AppDelegate.swift */,
				2C8A669D292A048800C8974E /* SceneDelegate.swift */,
				2C8A66A1292A048800C8974E /* Main.storyboard */,
				2C8A66A4292A048800C8974E /* Assets.xcassets */,
				2C8A66A6292A048800C8974E /* LaunchScreen.storyboard */,
				2C8A66A9292A048800C8974E /* Info.plist */,
				2C8A671A292A0AF100C8974E /* Services+Shared.swift */,
			);
			path = UIKitExampleApp;
			sourceTree = "<group>";
		};
		2C8A66B1292A048800C8974E /* UIKitExampleTests */ = {
			isa = PBXGroup;
			children = (
				2C8A66B2292A048800C8974E /* UIKitExampleTests.swift */,
			);
			path = UIKitExampleTests;
			sourceTree = "<group>";
		};
		2C8A66BB292A048800C8974E /* UIKitExampleUITests */ = {
			isa = PBXGroup;
			children = (
				2C8A66BC292A048800C8974E /* UIKitExampleUITests.swift */,
				2C8A66BE292A048800C8974E /* UIKitExampleUITestsLaunchTests.swift */,
			);
			path = UIKitExampleUITests;
			sourceTree = "<group>";
		};
		2C8A670C292A08EF00C8974E /* UIKitExampleServices */ = {
			isa = PBXGroup;
			children = (
				2C8A670D292A08EF00C8974E /* UIKitExampleServices.swift */,
				2C8A6716292A094B00C8974E /* ServiceA.swift */,
				2C8A6718292A0A0500C8974E /* ServiceB.swift */,
			);
			path = UIKitExampleServices;
			sourceTree = "<group>";
		};
		2C8A6712292A092200C8974E /* Frameworks */ = {
			isa = PBXGroup;
			children = (
			);
			name = Frameworks;
			sourceTree = "<group>";
		};
/* End PBXGroup section */

/* Begin PBXNativeTarget section */
		2C8A6697292A048800C8974E /* UIKitExampleApp */ = {
			isa = PBXNativeTarget;
			buildConfigurationList = 2C8A66C2292A048800C8974E /* Build configuration list for PBXNativeTarget "UIKitExampleApp" */;
			buildPhases = (
				2C8A6694292A048800C8974E /* Sources */,
				2C8A6695292A048800C8974E /* Frameworks */,
				2C8A6696292A048800C8974E /* Resources */,
			);
			buildRules = (
			);
			dependencies = (
				2C8A6715292A092200C8974E /* PBXTargetDependency */,
			);
			name = UIKitExampleApp;
			productName = UIKitExample;
			productReference = 2C8A6698292A048800C8974E /* UIKitExampleApp.app */;
			productType = "com.apple.product-type.application";
		};
		2C8A66AD292A048800C8974E /* UIKitExampleTests */ = {
			isa = PBXNativeTarget;
			buildConfigurationList = 2C8A66C5292A048800C8974E /* Build configuration list for PBXNativeTarget "UIKitExampleTests" */;
			buildPhases = (
				2C8A66AA292A048800C8974E /* Sources */,
				2C8A66AB292A048800C8974E /* Frameworks */,
				2C8A66AC292A048800C8974E /* Resources */,
			);
			buildRules = (
			);
			dependencies = (
				2C8A66B0292A048800C8974E /* PBXTargetDependency */,
			);
			name = UIKitExampleTests;
			productName = UIKitExampleTests;
			productReference = 2C8A66AE292A048800C8974E /* UIKitExampleTests.xctest */;
			productType = "com.apple.product-type.bundle.unit-test";
		};
		2C8A66B7292A048800C8974E /* UIKitExampleUITests */ = {
			isa = PBXNativeTarget;
			buildConfigurationList = 2C8A66C8292A048800C8974E /* Build configuration list for PBXNativeTarget "UIKitExampleUITests" */;
			buildPhases = (
				2C8A66B4292A048800C8974E /* Sources */,
				2C8A66B5292A048800C8974E /* Frameworks */,
				2C8A66B6292A048800C8974E /* Resources */,
			);
			buildRules = (
			);
			dependencies = (
				2C8A66BA292A048800C8974E /* PBXTargetDependency */,
			);
			name = UIKitExampleUITests;
			productName = UIKitExampleUITests;
			productReference = 2C8A66B8292A048800C8974E /* UIKitExampleUITests.xctest */;
			productType = "com.apple.product-type.bundle.ui-testing";
		};
		2C8A670A292A08EF00C8974E /* UIKitExampleServices */ = {
			isa = PBXNativeTarget;
			buildConfigurationList = 2C8A670F292A08EF00C8974E /* Build configuration list for PBXNativeTarget "UIKitExampleServices" */;
			buildPhases = (
				2C8A6707292A08EF00C8974E /* Sources */,
				2C8A6708292A08EF00C8974E /* Frameworks */,
				2C8A6709292A08EF00C8974E /* CopyFiles */,
			);
			buildRules = (
			);
			dependencies = (
			);
			name = UIKitExampleServices;
			productName = UIKitExampleServices;
			productReference = 2C8A670B292A08EF00C8974E /* libUIKitExampleServices.a */;
			productType = "com.apple.product-type.library.static";
		};
/* End PBXNativeTarget section */

/* Begin PBXProject section */
		2C8A6690292A048800C8974E /* Project object */ = {
			isa = PBXProject;
			attributes = {
				BuildIndependentTargetsInParallel = 1;
				LastSwiftUpdateCheck = 1410;
				LastUpgradeCheck = 1410;
				TargetAttributes = {
					2C8A6697292A048800C8974E = {
						CreatedOnToolsVersion = 14.1;
					};
					2C8A66AD292A048800C8974E = {
						CreatedOnToolsVersion = 14.1;
						TestTargetID = 2C8A6697292A048800C8974E;
					};
					2C8A66B7292A048800C8974E = {
						CreatedOnToolsVersion = 14.1;
						TestTargetID = 2C8A6697292A048800C8974E;
					};
					2C8A670A292A08EF00C8974E = {
						CreatedOnToolsVersion = 14.1;
					};
				};
			};
			buildConfigurationList = 2C8A6693292A048800C8974E /* Build configuration list for PBXProject "UIKitExample" */;
			compatibilityVersion = "Xcode 14.0";
			developmentRegion = en;
			hasScannedForEncodings = 0;
			knownRegions = (
				en,
				Base,
			);
			mainGroup = 2C8A668F292A048800C8974E;
			productRefGroup = 2C8A6699292A048800C8974E /* Products */;
			projectDirPath = "";
			projectRoot = "";
			targets = (
				2C8A6697292A048800C8974E /* UIKitExampleApp */,
				2C8A670A292A08EF00C8974E /* UIKitExampleServices */,
				2C8A66AD292A048800C8974E /* UIKitExampleTests */,
				2C8A66B7292A048800C8974E /* UIKitExampleUITests */,
			);
		};
/* End PBXProject section */

/* Begin PBXResourcesBuildPhase section */
		2C8A6696292A048800C8974E /* Resources */ = {
			isa = PBXResourcesBuildPhase;
			buildActionMask = 2147483647;
			files = (
				2C8A66A8292A048800C8974E /* LaunchScreen.storyboard in Resources */,
				2C8A66A5292A048800C8974E /* Assets.xcassets in Resources */,
				2C8A66A3292A048800C8974E /* Main.storyboard in Resources */,
			);
			runOnlyForDeploymentPostprocessing = 0;
		};
		2C8A66AC292A048800C8974E /* Resources */ = {
			isa = PBXResourcesBuildPhase;
			buildActionMask = 2147483647;
			files = (
			);
			runOnlyForDeploymentPostprocessing = 0;
		};
		2C8A66B6292A048800C8974E /* Resources */ = {
			isa = PBXResourcesBuildPhase;
			buildActionMask = 2147483647;
			files = (
			);
			runOnlyForDeploymentPostprocessing = 0;
		};
/* End PBXResourcesBuildPhase section */

/* Begin PBXSourcesBuildPhase section */
		2C8A6694292A048800C8974E /* Sources */ = {
			isa = PBXSourcesBuildPhase;
			buildActionMask = 2147483647;
			files = (
				2C8A669C292A048800C8974E /* AppDelegate.swift in Sources */,
				2C8A671B292A0AF100C8974E /* Services+Shared.swift in Sources */,
				2C8A669E292A048800C8974E /* SceneDelegate.swift in Sources */,
			);
			runOnlyForDeploymentPostprocessing = 0;
		};
		2C8A66AA292A048800C8974E /* Sources */ = {
			isa = PBXSourcesBuildPhase;
			buildActionMask = 2147483647;
			files = (
				2C8A66B3292A048800C8974E /* UIKitExampleTests.swift in Sources */,
			);
			runOnlyForDeploymentPostprocessing = 0;
		};
		2C8A66B4292A048800C8974E /* Sources */ = {
			isa = PBXSourcesBuildPhase;
			buildActionMask = 2147483647;
			files = (
				2C8A66BF292A048800C8974E /* UIKitExampleUITestsLaunchTests.swift in Sources */,
				2C8A66BD292A048800C8974E /* UIKitExampleUITests.swift in Sources */,
			);
			runOnlyForDeploymentPostprocessing = 0;
		};
		2C8A6707292A08EF00C8974E /* Sources */ = {
			isa = PBXSourcesBuildPhase;
			buildActionMask = 2147483647;
			files = (
				2C8A670E292A08EF00C8974E /* UIKitExampleServices.swift in Sources */,
				2C8A6719292A0A0500C8974E /* ServiceB.swift in Sources */,
				2C8A6717292A094B00C8974E /* ServiceA.swift in Sources */,
			);
			runOnlyForDeploymentPostprocessing = 0;
		};
/* End PBXSourcesBuildPhase section */

/* Begin PBXTargetDependency section */
		2C8A66B0292A048800C8974E /* PBXTargetDependency */ = {
			isa = PBXTargetDependency;
			target = 2C8A6697292A048800C8974E /* UIKitExampleApp */;
			targetProxy = 2C8A66AF292A048800C8974E /* PBXContainerItemProxy */;
		};
		2C8A66BA292A048800C8974E /* PBXTargetDependency */ = {
			isa = PBXTargetDependency;
			target = 2C8A6697292A048800C8974E /* UIKitExampleApp */;
			targetProxy = 2C8A66B9292A048800C8974E /* PBXContainerItemProxy */;
		};
		2C8A6715292A092200C8974E /* PBXTargetDependency */ = {
			isa = PBXTargetDependency;
			target = 2C8A670A292A08EF00C8974E /* UIKitExampleServices */;
			targetProxy = 2C8A6714292A092200C8974E /* PBXContainerItemProxy */;
		};
/* End PBXTargetDependency section */

/* Begin PBXVariantGroup section */
		2C8A66A1292A048800C8974E /* Main.storyboard */ = {
			isa = PBXVariantGroup;
			children = (
				2C8A66A2292A048800C8974E /* Base */,
			);
			name = Main.storyboard;
			sourceTree = "<group>";
		};
		2C8A66A6292A048800C8974E /* LaunchScreen.storyboard */ = {
			isa = PBXVariantGroup;
			children = (
				2C8A66A7292A048800C8974E /* Base */,
			);
			name = LaunchScreen.storyboard;
			sourceTree = "<group>";
		};
/* End PBXVariantGroup section */

/* Begin XCBuildConfiguration section */
		2C8A66C0292A048800C8974E /* Debug */ = {
			isa = XCBuildConfiguration;
			buildSettings = {
				ALWAYS_SEARCH_USER_PATHS = NO;
				CLANG_ANALYZER_NONNULL = YES;
				CLANG_ANALYZER_NUMBER_OBJECT_CONVERSION = YES_AGGRESSIVE;
				CLANG_CXX_LANGUAGE_STANDARD = "gnu++20";
				CLANG_ENABLE_MODULES = YES;
				CLANG_ENABLE_OBJC_ARC = YES;
				CLANG_ENABLE_OBJC_WEAK = YES;
				CLANG_WARN_BLOCK_CAPTURE_AUTORELEASING = YES;
				CLANG_WARN_BOOL_CONVERSION = YES;
				CLANG_WARN_COMMA = YES;
				CLANG_WARN_CONSTANT_CONVERSION = YES;
				CLANG_WARN_DEPRECATED_OBJC_IMPLEMENTATIONS = YES;
				CLANG_WARN_DIRECT_OBJC_ISA_USAGE = YES_ERROR;
				CLANG_WARN_DOCUMENTATION_COMMENTS = YES;
				CLANG_WARN_EMPTY_BODY = YES;
				CLANG_WARN_ENUM_CONVERSION = YES;
				CLANG_WARN_INFINITE_RECURSION = YES;
				CLANG_WARN_INT_CONVERSION = YES;
				CLANG_WARN_NON_LITERAL_NULL_CONVERSION = YES;
				CLANG_WARN_OBJC_IMPLICIT_RETAIN_SELF = YES;
				CLANG_WARN_OBJC_LITERAL_CONVERSION = YES;
				CLANG_WARN_OBJC_ROOT_CLASS = YES_ERROR;
				CLANG_WARN_QUOTED_INCLUDE_IN_FRAMEWORK_HEADER = YES;
				CLANG_WARN_RANGE_LOOP_ANALYSIS = YES;
				CLANG_WARN_STRICT_PROTOTYPES = YES;
				CLANG_WARN_SUSPICIOUS_MOVE = YES;
				CLANG_WARN_UNGUARDED_AVAILABILITY = YES_AGGRESSIVE;
				CLANG_WARN_UNREACHABLE_CODE = YES;
				CLANG_WARN__DUPLICATE_METHOD_MATCH = YES;
				COPY_PHASE_STRIP = NO;
				DEBUG_INFORMATION_FORMAT = dwarf;
				ENABLE_STRICT_OBJC_MSGSEND = YES;
				ENABLE_TESTABILITY = YES;
				GCC_C_LANGUAGE_STANDARD = gnu11;
				GCC_DYNAMIC_NO_PIC = NO;
				GCC_NO_COMMON_BLOCKS = YES;
				GCC_OPTIMIZATION_LEVEL = 0;
				GCC_PREPROCESSOR_DEFINITIONS = (
					"DEBUG=1",
					"$(inherited)",
				);
				GCC_WARN_64_TO_32_BIT_CONVERSION = YES;
				GCC_WARN_ABOUT_RETURN_TYPE = YES_ERROR;
				GCC_WARN_UNDECLARED_SELECTOR = YES;
				GCC_WARN_UNINITIALIZED_AUTOS = YES_AGGRESSIVE;
				GCC_WARN_UNUSED_FUNCTION = YES;
				GCC_WARN_UNUSED_VARIABLE = YES;
				IPHONEOS_DEPLOYMENT_TARGET = 16.1;
				MTL_ENABLE_DEBUG_INFO = INCLUDE_SOURCE;
				MTL_FAST_MATH = YES;
				ONLY_ACTIVE_ARCH = YES;
				SDKROOT = iphoneos;
				SWIFT_ACTIVE_COMPILATION_CONDITIONS = DEBUG;
				SWIFT_OPTIMIZATION_LEVEL = "-Onone";
			};
			name = Debug;
		};
		2C8A66C1292A048800C8974E /* Release */ = {
			isa = XCBuildConfiguration;
			buildSettings = {
				ALWAYS_SEARCH_USER_PATHS = NO;
				CLANG_ANALYZER_NONNULL = YES;
				CLANG_ANALYZER_NUMBER_OBJECT_CONVERSION = YES_AGGRESSIVE;
				CLANG_CXX_LANGUAGE_STANDARD = "gnu++20";
				CLANG_ENABLE_MODULES = YES;
				CLANG_ENABLE_OBJC_ARC = YES;
				CLANG_ENABLE_OBJC_WEAK = YES;
				CLANG_WARN_BLOCK_CAPTURE_AUTORELEASING = YES;
				CLANG_WARN_BOOL_CONVERSION = YES;
				CLANG_WARN_COMMA = YES;
				CLANG_WARN_CONSTANT_CONVERSION = YES;
				CLANG_WARN_DEPRECATED_OBJC_IMPLEMENTATIONS = YES;
				CLANG_WARN_DIRECT_OBJC_ISA_USAGE = YES_ERROR;
				CLANG_WARN_DOCUMENTATION_COMMENTS = YES;
				CLANG_WARN_EMPTY_BODY = YES;
				CLANG_WARN_ENUM_CONVERSION = YES;
				CLANG_WARN_INFINITE_RECURSION = YES;
				CLANG_WARN_INT_CONVERSION = YES;
				CLANG_WARN_NON_LITERAL_NULL_CONVERSION = YES;
				CLANG_WARN_OBJC_IMPLICIT_RETAIN_SELF = YES;
				CLANG_WARN_OBJC_LITERAL_CONVERSION = YES;
				CLANG_WARN_OBJC_ROOT_CLASS = YES_ERROR;
				CLANG_WARN_QUOTED_INCLUDE_IN_FRAMEWORK_HEADER = YES;
				CLANG_WARN_RANGE_LOOP_ANALYSIS = YES;
				CLANG_WARN_STRICT_PROTOTYPES = YES;
				CLANG_WARN_SUSPICIOUS_MOVE = YES;
				CLANG_WARN_UNGUARDED_AVAILABILITY = YES_AGGRESSIVE;
				CLANG_WARN_UNREACHABLE_CODE = YES;
				CLANG_WARN__DUPLICATE_METHOD_MATCH = YES;
				COPY_PHASE_STRIP = NO;
				DEBUG_INFORMATION_FORMAT = "dwarf-with-dsym";
				ENABLE_NS_ASSERTIONS = NO;
				ENABLE_STRICT_OBJC_MSGSEND = YES;
				GCC_C_LANGUAGE_STANDARD = gnu11;
				GCC_NO_COMMON_BLOCKS = YES;
				GCC_WARN_64_TO_32_BIT_CONVERSION = YES;
				GCC_WARN_ABOUT_RETURN_TYPE = YES_ERROR;
				GCC_WARN_UNDECLARED_SELECTOR = YES;
				GCC_WARN_UNINITIALIZED_AUTOS = YES_AGGRESSIVE;
				GCC_WARN_UNUSED_FUNCTION = YES;
				GCC_WARN_UNUSED_VARIABLE = YES;
				IPHONEOS_DEPLOYMENT_TARGET = 16.1;
				MTL_ENABLE_DEBUG_INFO = NO;
				MTL_FAST_MATH = YES;
				SDKROOT = iphoneos;
				SWIFT_COMPILATION_MODE = wholemodule;
				SWIFT_OPTIMIZATION_LEVEL = "-O";
				VALIDATE_PRODUCT = YES;
			};
			name = Release;
		};
		2C8A66C3292A048800C8974E /* Debug */ = {
			isa = XCBuildConfiguration;
			buildSettings = {
				ASSETCATALOG_COMPILER_APPICON_NAME = AppIcon;
				ASSETCATALOG_COMPILER_GLOBAL_ACCENT_COLOR_NAME = AccentColor;
				CODE_SIGN_STYLE = Automatic;
				CURRENT_PROJECT_VERSION = 1;
				GENERATE_INFOPLIST_FILE = YES;
				INFOPLIST_FILE = UIKitExampleApp/Info.plist;
				INFOPLIST_KEY_UIApplicationSupportsIndirectInputEvents = YES;
				INFOPLIST_KEY_UILaunchStoryboardName = LaunchScreen;
				INFOPLIST_KEY_UIMainStoryboardFile = Main;
				INFOPLIST_KEY_UISupportedInterfaceOrientations_iPad = "UIInterfaceOrientationPortrait UIInterfaceOrientationPortraitUpsideDown UIInterfaceOrientationLandscapeLeft UIInterfaceOrientationLandscapeRight";
				INFOPLIST_KEY_UISupportedInterfaceOrientations_iPhone = "UIInterfaceOrientationPortrait UIInterfaceOrientationLandscapeLeft UIInterfaceOrientationLandscapeRight";
				LD_RUNPATH_SEARCH_PATHS = (
					"$(inherited)",
					"@executable_path/Frameworks",
				);
				MARKETING_VERSION = 1.0;
				PRODUCT_BUNDLE_IDENTIFIER = com.kevinconner.UIKitExample;
				PRODUCT_NAME = "$(TARGET_NAME)";
				SWIFT_EMIT_LOC_STRINGS = YES;
				SWIFT_VERSION = 5.0;
				TARGETED_DEVICE_FAMILY = "1,2";
			};
			name = Debug;
		};
		2C8A66C4292A048800C8974E /* Release */ = {
			isa = XCBuildConfiguration;
			buildSettings = {
				ASSETCATALOG_COMPILER_APPICON_NAME = AppIcon;
				ASSETCATALOG_COMPILER_GLOBAL_ACCENT_COLOR_NAME = AccentColor;
				CODE_SIGN_STYLE = Automatic;
				CURRENT_PROJECT_VERSION = 1;
				GENERATE_INFOPLIST_FILE = YES;
				INFOPLIST_FILE = UIKitExampleApp/Info.plist;
				INFOPLIST_KEY_UIApplicationSupportsIndirectInputEvents = YES;
				INFOPLIST_KEY_UILaunchStoryboardName = LaunchScreen;
				INFOPLIST_KEY_UIMainStoryboardFile = Main;
				INFOPLIST_KEY_UISupportedInterfaceOrientations_iPad = "UIInterfaceOrientationPortrait UIInterfaceOrientationPortraitUpsideDown UIInterfaceOrientationLandscapeLeft UIInterfaceOrientationLandscapeRight";
				INFOPLIST_KEY_UISupportedInterfaceOrientations_iPhone = "UIInterfaceOrientationPortrait UIInterfaceOrientationLandscapeLeft UIInterfaceOrientationLandscapeRight";
				LD_RUNPATH_SEARCH_PATHS = (
					"$(inherited)",
					"@executable_path/Frameworks",
				);
				MARKETING_VERSION = 1.0;
				PRODUCT_BUNDLE_IDENTIFIER = com.kevinconner.UIKitExample;
				PRODUCT_NAME = "$(TARGET_NAME)";
				SWIFT_EMIT_LOC_STRINGS = YES;
				SWIFT_VERSION = 5.0;
				TARGETED_DEVICE_FAMILY = "1,2";
			};
			name = Release;
		};
		2C8A66C6292A048800C8974E /* Debug */ = {
			isa = XCBuildConfiguration;
			buildSettings = {
				ALWAYS_EMBED_SWIFT_STANDARD_LIBRARIES = YES;
				BUNDLE_LOADER = "$(TEST_HOST)";
				CODE_SIGN_STYLE = Automatic;
				CURRENT_PROJECT_VERSION = 1;
				GENERATE_INFOPLIST_FILE = YES;
				IPHONEOS_DEPLOYMENT_TARGET = 16.1;
				MARKETING_VERSION = 1.0;
				PRODUCT_BUNDLE_IDENTIFIER = com.kevinconner.UIKitExampleTests;
				PRODUCT_NAME = "$(TARGET_NAME)";
				SWIFT_EMIT_LOC_STRINGS = NO;
				SWIFT_VERSION = 5.0;
				TARGETED_DEVICE_FAMILY = "1,2";
				TEST_HOST = "$(BUILT_PRODUCTS_DIR)/UIKitExample.app/$(BUNDLE_EXECUTABLE_FOLDER_PATH)/UIKitExample";
			};
			name = Debug;
		};
		2C8A66C7292A048800C8974E /* Release */ = {
			isa = XCBuildConfiguration;
			buildSettings = {
				ALWAYS_EMBED_SWIFT_STANDARD_LIBRARIES = YES;
				BUNDLE_LOADER = "$(TEST_HOST)";
				CODE_SIGN_STYLE = Automatic;
				CURRENT_PROJECT_VERSION = 1;
				GENERATE_INFOPLIST_FILE = YES;
				IPHONEOS_DEPLOYMENT_TARGET = 16.1;
				MARKETING_VERSION = 1.0;
				PRODUCT_BUNDLE_IDENTIFIER = com.kevinconner.UIKitExampleTests;
				PRODUCT_NAME = "$(TARGET_NAME)";
				SWIFT_EMIT_LOC_STRINGS = NO;
				SWIFT_VERSION = 5.0;
				TARGETED_DEVICE_FAMILY = "1,2";
				TEST_HOST = "$(BUILT_PRODUCTS_DIR)/UIKitExample.app/$(BUNDLE_EXECUTABLE_FOLDER_PATH)/UIKitExample";
			};
			name = Release;
		};
		2C8A66C9292A048800C8974E /* Debug */ = {
			isa = XCBuildConfiguration;
			buildSettings = {
				ALWAYS_EMBED_SWIFT_STANDARD_LIBRARIES = YES;
				CODE_SIGN_STYLE = Automatic;
				CURRENT_PROJECT_VERSION = 1;
				GENERATE_INFOPLIST_FILE = YES;
				MARKETING_VERSION = 1.0;
				PRODUCT_BUNDLE_IDENTIFIER = com.kevinconner.UIKitExampleUITests;
				PRODUCT_NAME = "$(TARGET_NAME)";
				SWIFT_EMIT_LOC_STRINGS = NO;
				SWIFT_VERSION = 5.0;
				TARGETED_DEVICE_FAMILY = "1,2";
				TEST_TARGET_NAME = UIKitExample;
			};
			name = Debug;
		};
		2C8A66CA292A048800C8974E /* Release */ = {
			isa = XCBuildConfiguration;
			buildSettings = {
				ALWAYS_EMBED_SWIFT_STANDARD_LIBRARIES = YES;
				CODE_SIGN_STYLE = Automatic;
				CURRENT_PROJECT_VERSION = 1;
				GENERATE_INFOPLIST_FILE = YES;
				MARKETING_VERSION = 1.0;
				PRODUCT_BUNDLE_IDENTIFIER = com.kevinconner.UIKitExampleUITests;
				PRODUCT_NAME = "$(TARGET_NAME)";
				SWIFT_EMIT_LOC_STRINGS = NO;
				SWIFT_VERSION = 5.0;
				TARGETED_DEVICE_FAMILY = "1,2";
				TEST_TARGET_NAME = UIKitExample;
			};
			name = Release;
		};
		2C8A6710292A08EF00C8974E /* Debug */ = {
			isa = XCBuildConfiguration;
			buildSettings = {
				CODE_SIGN_STYLE = Automatic;
				OTHER_LDFLAGS = "-ObjC";
				PRODUCT_NAME = "$(TARGET_NAME)";
				SKIP_INSTALL = YES;
				SWIFT_VERSION = 5.0;
				TARGETED_DEVICE_FAMILY = "1,2";
			};
			name = Debug;
		};
		2C8A6711292A08EF00C8974E /* Release */ = {
			isa = XCBuildConfiguration;
			buildSettings = {
				CODE_SIGN_STYLE = Automatic;
				OTHER_LDFLAGS = "-ObjC";
				PRODUCT_NAME = "$(TARGET_NAME)";
				SKIP_INSTALL = YES;
				SWIFT_VERSION = 5.0;
				TARGETED_DEVICE_FAMILY = "1,2";
			};
			name = Release;
		};
/* End XCBuildConfiguration section */

/* Begin XCConfigurationList section */
		2C8A6693292A048800C8974E /* Build configuration list for PBXProject "UIKitExample" */ = {
			isa = XCConfigurationList;
			buildConfigurations = (
				2C8A66C0292A048800C8974E /* Debug */,
				2C8A66C1292A048800C8974E /* Release */,
			);
			defaultConfigurationIsVisible = 0;
			defaultConfigurationName = Release;
		};
		2C8A66C2292A048800C8974E /* Build configuration list for PBXNativeTarget "UIKitExampleApp" */ = {
			isa = XCConfigurationList;
			buildConfigurations = (
				2C8A66C3292A048800C8974E /* Debug */,
				2C8A66C4292A048800C8974E /* Release */,
			);
			defaultConfigurationIsVisible = 0;
			defaultConfigurationName = Release;
		};
		2C8A66C5292A048800C8974E /* Build configuration list for PBXNativeTarget "UIKitExampleTests" */ = {
			isa = XCConfigurationList;
			buildConfigurations = (
				2C8A66C6292A048800C8974E /* Debug */,
				2C8A66C7292A048800C8974E /* Release */,
			);
			defaultConfigurationIsVisible = 0;
			defaultConfigurationName = Release;
		};
		2C8A66C8292A048800C8974E /* Build configuration list for PBXNativeTarget "UIKitExampleUITests" */ = {
			isa = XCConfigurationList;
			buildConfigurations = (
				2C8A66C9292A048800C8974E /* Debug */,
				2C8A66CA292A048800C8974E /* Release */,
			);
			defaultConfigurationIsVisible = 0;
			defaultConfigurationName = Release;
		};
		2C8A670F292A08EF00C8974E /* Build configuration list for PBXNativeTarget "UIKitExampleServices" */ = {
			isa = XCConfigurationList;
			buildConfigurations = (
				2C8A6710292A08EF00C8974E /* Debug */,
				2C8A6711292A08EF00C8974E /* Release */,
			);
			defaultConfigurationIsVisible = 0;
			defaultConfigurationName = Release;
		};
/* End XCConfigurationList section */
	};
	rootObject = 2C8A6690292A048800C8974E /* Project object */;
}
